
Microsoft Visual Studio Solution File, Format Version 12.00
# Visual Studio 15
VisualStudioVersion = 15.0.28010.2026
MinimumVisualStudioVersion = 10.0.40219.1
Project("{FAE04EC0-301F-11D3-BF4B-00C04F79EFBC}") = "VectoresParam", "VectoresParam\VectoresParam.csproj", "{956C2294-35B5-42C0-90C3-B34246FAC846}"
EndProject
Global
	GlobalSection(SolutionConfigurationPlatforms) = preSolution
		Debug|Any CPU = Debug|Any CPU
		Release|Any CPU = Release|Any CPU
	EndGlobalSection
	GlobalSection(ProjectConfigurationPlatforms) = postSolution
		{956C2294-35B5-42C0-90C3-B34246FAC846}.Debug|Any CPU.ActiveCfg = Debug|Any CPU
		{956C2294-35B5-42C0-90C3-B34246FAC846}.Debug|Any CPU.Build.0 = Debug|Any CPU
		{956C2294-35B5-42C0-90C3-B34246FAC846}.Release|Any CPU.ActiveCfg = Release|Any CPU
		{956C2294-35B5-42C0-90C3-B34246FAC846}.Release|Any CPU.Build.0 = Release|Any CPU
	EndGlobalSection
	GlobalSection(SolutionProperties) = preSolution
		HideSolutionNode = FALSE
	EndGlobalSection
	GlobalSection(ExtensibilityGlobals) = postSolution
		SolutionGuid = {792644B5-D01F-4996-95F2-846F0B887F05}
	EndGlobalSection
EndGlobal
